version = 1
revision = 3
requires-python = ">=3.12"

[[package]]
name = "colorama"
version = "0.4.6"
source = { registry = "https://pypi.org/simple" }
sdist = { url = "https://files.pythonhosted.org/packages/d8/53/6f443c9a4a8358a93a6792e2acffb9d9d5cb0a5cfd8802644b7b1c9a02e4/colorama-0.4.6.tar.gz", hash = "sha256:08695f5cb7ed6e0531a20572697297273c47b8cae5a63ffc6d6ed5c201be6e44", size = 27697, upload-time = "2022-10-25T02:36:22.414Z" }
wheels = [
    { url = "https://files.pythonhosted.org/packages/d1/d6/3965ed04c63042e047cb6a3e6ed1a63a35087b6a609aa3a15ed8ac56c221/colorama-0.4.6-py2.py3-none-any.whl", hash = "sha256:4f1d9991f5acc0ca119f9d443620b77f9d6b33703e51011c16baf57afb285fc6", size = 25335, upload-time = "2022-10-25T02:36:20.889Z" },
]

[[package]]
name = "iniconfig"
version = "2.3.0"
source = { registry = "https://pypi.org/simple" }
sdist = { url = "https://files.pythonhosted.org/packages/72/34/14ca021ce8e5dfedc35312d08ba8bf51fdd999c576889fc2c24cb97f4f10/iniconfig-2.3.0.tar.gz", hash = "sha256:c76315c77db068650d49c5b56314774a7804df16fee4402c1f19d6d15d8c4730", size = 20503, upload-time = "2025-10-18T21:55:43.219Z" }
wheels = [
    { url = "https://files.pythonhosted.org/packages/cb/b1/3846dd7f199d53cb17f49cba7e651e9ce294d8497c8c150530ed11865bb8/iniconfig-2.3.0-py3-none-any.whl", hash = "sha256:f631c04d2c48c52b84d0d0549c99ff3859c98df65b3101406327ecc7d53fbf12", size = 7484, upload-time = "2025-10-18T21:55:41.639Z" },
]

[[package]]
name = "mehari"
version = "0.42.0"
source = { editable = "." }
dependencies = [
    { name = "polars" },
    { name = "pyarrow" },
]

[package.dev-dependencies]
dev = [
    { name = "mehari" },
    { name = "polars" },
    { name = "pyarrow" },
    { name = "pytest" },
]

[package.metadata]
requires-dist = [
    { name = "polars", specifier = ">=1.39.3" },
    { name = "pyarrow", specifier = ">=23.0.1" },
]

[package.metadata.requires-dev]
dev = [
    { name = "mehari", editable = "." },
    { name = "polars", specifier = ">=1.39.3" },
    { name = "pyarrow", specifier = ">=23.0.1" },
    { name = "pytest", specifier = ">=9.0.2" },
]

[[package]]
name = "packaging"
version = "26.0"
source = { registry = "https://pypi.org/simple" }
sdist = { url = "https://files.pythonhosted.org/packages/65/ee/299d360cdc32edc7d2cf530f3accf79c4fca01e96ffc950d8a52213bd8e4/packaging-26.0.tar.gz", hash = "sha256:00243ae351a257117b6a241061796684b084ed1c516a08c48a3f7e147a9d80b4", size = 143416, upload-time = "2026-01-21T20:50:39.064Z" }
wheels = [
    { url = "https://files.pythonhosted.org/packages/b7/b9/c538f279a4e237a006a2c98387d081e9eb060d203d8ed34467cc0f0b9b53/packaging-26.0-py3-none-any.whl", hash = "sha256:b36f1fef9334a5588b4166f8bcd26a14e521f2b55e6b9de3aaa80d3ff7a37529", size = 74366, upload-time = "2026-01-21T20:50:37.788Z" },
]

[[package]]
name = "pluggy"
version = "1.6.0"
source = { registry = "https://pypi.org/simple" }
sdist = { url = "https://files.pythonhosted.org/packages/f9/e2/3e91f31a7d2b083fe6ef3fa267035b518369d9511ffab804f839851d2779/pluggy-1.6.0.tar.gz", hash = "sha256:7dcc130b76258d33b90f61b658791dede3486c3e6bfb003ee5c9bfb396dd22f3", size = 69412, upload-time = "2025-05-15T12:30:07.975Z" }
wheels = [
    { url = "https://files.pythonhosted.org/packages/54/20/4d324d65cc6d9205fabedc306948156824eb9f0ee1633355a8f7ec5c66bf/pluggy-1.6.0-py3-none-any.whl", hash = "sha256:e920276dd6813095e9377c0bc5566d94c932c33b27a3e3945d8389c374dd4746", size = 20538, upload-time = "2025-05-15T12:30:06.134Z" },
]

[[package]]
name = "polars"
version = "1.40.1"
source = { registry = "https://pypi.org/simple" }
dependencies = [
    { name = "polars-runtime-32" },
]
sdist = { url = "https://files.pythonhosted.org/packages/b3/8c/bc9bc948058348ed43117cecc3007cd608f395915dae8a00974579a5dab1/polars-1.40.1.tar.gz", hash = "sha256:ab2694134b137596b5a59bfd7b4c54ebbc9b59f9403127f18e32d363777552e8", size = 733574, upload-time = "2026-04-22T19:15:55.507Z" }
wheels = [
    { url = "https://files.pythonhosted.org/packages/ea/91/74fc60d94488685a92ac9d49d7ec55f3e91fe9b77942a6235a5fa7f249c3/polars-1.40.1-py3-none-any.whl", hash = "sha256:c0f861219d1319cdea45c4ce4d30355a47176b8f98dcedf95ea8269f131b8abd", size = 828723, upload-time = "2026-04-22T19:14:25.452Z" },
]

[[package]]
name = "polars-runtime-32"
version = "1.40.1"
source = { registry = "https://pypi.org/simple" }
sdist = { url = "https://files.pythonhosted.org/packages/54/ba/26d40f039be9f552b5fd7365a621bdfc0f8e912ef77094ae4693491b0bae/polars_runtime_32-1.40.1.tar.gz", hash = "sha256:37f3065615d1bf90d03b5326222df4c5c1f8a5d33e50470aa588e3465e6eb814", size = 2935843, upload-time = "2026-04-22T19:15:57.26Z" }
wheels = [
    { url = "https://files.pythonhosted.org/packages/7d/46/22c8af5eed68ac2eeb556e0fa3ca8a7b798e984ceff4450888f3b5ac61fd/polars_runtime_32-1.40.1-cp310-abi3-macosx_10_12_x86_64.whl", hash = "sha256:b748ef652270cc49e9e69f99a035e0eb4d5f856d42bcd6ac4d9d80a40142aa1e", size = 52098755, upload-time = "2026-04-22T19:14:28.555Z" },
    { url = "https://files.pythonhosted.org/packages/c6/3e/48599a38009ca60ff82a6f38c8a621ce3c0286aa7397c7d79e741bd9060e/polars_runtime_32-1.40.1-cp310-abi3-macosx_11_0_arm64.whl", hash = "sha256:d249b3743e05986060cec0a7aaa542d020df6c6b876e556023a310efd581f9be", size = 46367542, upload-time = "2026-04-22T19:14:32.433Z" },
    { url = "https://files.pythonhosted.org/packages/43/e9/384bc069367a1a36ee31c13782c178dbd039b2b873b772d4a0fc23a2373d/polars_runtime_32-1.40.1-cp310-abi3-manylinux_2_17_aarch64.manylinux2014_aarch64.whl", hash = "sha256:5987b30e7aa1059d069498496e8dda35afd592b0ac3d46ed87e3ff8df1ad652c", size = 50252104, upload-time = "2026-04-22T19:14:35.945Z" },
    { url = "https://files.pythonhosted.org/packages/15/ef/7d57ceb0651af74194e97ed6583e148d352f03d696090221b8059cdfc90b/polars_runtime_32-1.40.1-cp310-abi3-manylinux_2_17_x86_64.manylinux2014_x86_64.whl", hash = "sha256:8d7f42a8b3f16fc66002cc0f6516f7dd7653396886ae0ed362ab95c0b3408b59", size = 56250788, upload-time = "2026-04-22T19:14:39.743Z" },
    { url = "https://files.pythonhosted.org/packages/10/0f/e4b3ffc748827a14a474ec9c42e45c066050e440fec57e914091d9adda75/polars_runtime_32-1.40.1-cp310-abi3-musllinux_1_2_aarch64.whl", hash = "sha256:e5f7becc237a7ec9d9a10878dc8e54b73bbf4e2d94a2991c37d7a0b38590d8f9", size = 50432590, upload-time = "2026-04-22T19:14:43.388Z" },
    { url = "https://files.pythonhosted.org/packages/d9/0b/b8d95fbed869fa4caabe9c400e4210374913b376e925e96fdcfa9be6416b/polars_runtime_32-1.40.1-cp310-abi3-musllinux_1_2_x86_64.whl", hash = "sha256:992d14cf191dde043d36fbdbc98a65e43fbc7e9a5024cecd45f838ac4988c1ee", size = 54155564, upload-time = "2026-04-22T19:14:47.239Z" },
    { url = "https://files.pythonhosted.org/packages/06/d9/d091d8fb5cbed5e9536adfed955c4c89987a4cc3b8e73ae4532402b91c74/polars_runtime_32-1.40.1-cp310-abi3-win_amd64.whl", hash = "sha256:f78bb2abd00101cbb23cc0cb068f7e36e081057a15d2ec2dde3dda280709f030", size = 51829755, upload-time = "2026-04-22T19:14:50.85Z" },
    { url = "https://files.pythonhosted.org/packages/65/ad/b33c3022a394f3eb55c3310597cec615412a8a33880055eee191d154a628/polars_runtime_32-1.40.1-cp310-abi3-win_arm64.whl", hash = "sha256:b5cbfaf6b085b420b4bfcbe24e8f665076d1cccfdb80c0484c02a023ce205537", size = 45822104, upload-time = "2026-04-22T19:14:54.192Z" },
]

[[package]]
name = "pyarrow"
version = "24.0.0"
source = { registry = "https://pypi.org/simple" }
sdist = { url = "https://files.pythonhosted.org/packages/91/13/13e1069b351bdc3881266e11147ffccf687505dbb0ea74036237f5d454a5/pyarrow-24.0.0.tar.gz", hash = "sha256:85fe721a14dd823aca09127acbb06c3ca723efbd436c004f16bca601b04dcc83", size = 1180261, upload-time = "2026-04-21T10:51:25.837Z" }
wheels = [
    { url = "https://files.pythonhosted.org/packages/b4/a9/9686d9f07837f91f775e8932659192e02c74f9d8920524b480b85212cc68/pyarrow-24.0.0-cp312-cp312-macosx_12_0_arm64.whl", hash = "sha256:6233c9ed9ab9d1db47de57d9753256d9dcffbf42db341576099f0fd9f6bf4810", size = 34981559, upload-time = "2026-04-21T10:47:22.17Z" },
    { url = "https://files.pythonhosted.org/packages/80/b6/0ddf0e9b6ead3474ab087ae598c76b031fc45532bf6a63f3a553440fb258/pyarrow-24.0.0-cp312-cp312-macosx_12_0_x86_64.whl", hash = "sha256:f7616236ec1bc2b15bfdec22a71ab38851c86f8f05ff64f379e1278cf20c634a", size = 36663654, upload-time = "2026-04-21T10:47:28.315Z" },
    { url = "https://files.pythonhosted.org/packages/7c/3b/926382efe8ce27ba729071d3566ade6dfb86bdf112f366000196b2f5780a/pyarrow-24.0.0-cp312-cp312-manylinux_2_28_aarch64.whl", hash = "sha256:1617043b99bd33e5318ae18eb2919af09c71322ef1ca46566cdafc6e6712fb66", size = 45679394, upload-time = "2026-04-21T10:47:34.821Z" },
    { url = "https://files.pythonhosted.org/packages/b3/7a/829f7d9dfd37c207206081d6dad474d81dde29952401f07f2ba507814818/pyarrow-24.0.0-cp312-cp312-manylinux_2_28_x86_64.whl", hash = "sha256:6165461f55ef6314f026de6638d661188e3455d3ec49834556a0ebbdbace18bb", size = 48863122, upload-time = "2026-04-21T10:47:42.056Z" },
    { url = "https://files.pythonhosted.org/packages/5f/e8/f88ce625fe8babaae64e8db2d417c7653adb3019b08aae85c5ed787dc816/pyarrow-24.0.0-cp312-cp312-musllinux_1_2_aarch64.whl", hash = "sha256:3b13dedfe76a0ad2d1d859b0811b53827a4e9d93a0bcb05cf59333ab4980cc7e", size = 49376032, upload-time = "2026-04-21T10:47:48.967Z" },
    { url = "https://files.pythonhosted.org/packages/36/7a/82c363caa145fff88fb475da50d3bf52bb024f61917be5424c3392eaf878/pyarrow-24.0.0-cp312-cp312-musllinux_1_2_x86_64.whl", hash = "sha256:25ea65d868eb04015cd18e6df2fbe98f07e5bda2abefabcb88fce39a947716f6", size = 51929490, upload-time = "2026-04-21T10:47:55.981Z" },
    { url = "https://files.pythonhosted.org/packages/66/1c/e3e72c8014ad2743ca64a701652c733cc5cbcee15c0463a32a8c55518d9e/pyarrow-24.0.0-cp312-cp312-win_amd64.whl", hash = "sha256:295f0a7f2e242dabd513737cf076007dc5b2d59237e3eca37b05c0c6446f3826", size = 27355660, upload-time = "2026-04-21T10:48:01.718Z" },
    { url = "https://files.pythonhosted.org/packages/6f/d3/a1abf004482026ddc17f4503db227787fa3cfe41ec5091ff20e4fea55e57/pyarrow-24.0.0-cp313-cp313-macosx_12_0_arm64.whl", hash = "sha256:02b001b3ed4723caa44f6cd1af2d5c86aa2cf9971dacc2ffa55b21237713dfba", size = 34976759, upload-time = "2026-04-21T10:48:07.258Z" },
    { url = "https://files.pythonhosted.org/packages/4f/4a/34f0a36d28a2dd32225301b79daad44e243dc1a2bb77d43b60749be255c4/pyarrow-24.0.0-cp313-cp313-macosx_12_0_x86_64.whl", hash = "sha256:04920d6a71aabd08a0417709efce97d45ea8e6fb733d9ca9ecffb13c67839f68", size = 36658471, upload-time = "2026-04-21T10:48:13.347Z" },
    { url = "https://files.pythonhosted.org/packages/1f/78/543b94712ae8bb1a6023bcc1acf1a740fbff8286747c289cd9468fced2a5/pyarrow-24.0.0-cp313-cp313-manylinux_2_28_aarch64.whl", hash = "sha256:a964266397740257f16f7bb2e4f08a0c81454004beab8ff59dd531b73610e9f2", size = 45675981, upload-time = "2026-04-21T10:48:20.201Z" },
    { url = "https://files.pythonhosted.org/packages/84/9f/8fb7c222b100d314137fa40ec050de56cd8c6d957d1cfff685ce72f15b17/pyarrow-24.0.0-cp313-cp313-manylinux_2_28_x86_64.whl", hash = "sha256:6f066b179d68c413374294bc1735f68475457c933258df594443bb9d88ddc2a0", size = 48859172, upload-time = "2026-04-21T10:48:27.541Z" },
    { url = "https://files.pythonhosted.org/packages/a7/d3/1ea72538e6c8b3b475ed78d1049a2c518e655761ea50fe1171fc855fcab7/pyarrow-24.0.0-cp313-cp313-musllinux_1_2_aarch64.whl", hash = "sha256:1183baeb14c5f587b1ec52831e665718ce632caab84b7cd6b85fd44f96114495", size = 49385733, upload-time = "2026-04-21T10:48:34.7Z" },
    { url = "https://files.pythonhosted.org/packages/c3/be/c3d8b06a1ba35f2260f8e1f771abbee7d5e345c0937aab90675706b1690a/pyarrow-24.0.0-cp313-cp313-musllinux_1_2_x86_64.whl", hash = "sha256:806f24b4085453c197a5078218d1ee08783ebbba271badd153d1ae22a3ee804f", size = 51934335, upload-time = "2026-04-21T10:48:42.099Z" },
    { url = "https://files.pythonhosted.org/packages/9c/62/89e07a1e7329d2cde3e3c6994ba0839a24977a2beda8be6005ea3d860b99/pyarrow-24.0.0-cp313-cp313-win_amd64.whl", hash = "sha256:e4505fc6583f7b05ab854934896bcac8253b04ac1171a77dfb73efef92076d91", size = 27271748, upload-time = "2026-04-21T10:49:42.532Z" },
    { url = "https://files.pythonhosted.org/packages/17/1a/cff3a59f80b5b1658549d46611b67163f65e0664431c076ad728bf9d5af4/pyarrow-24.0.0-cp313-cp313t-macosx_12_0_arm64.whl", hash = "sha256:1a4e45017efbf115032e4475ee876d525e0e36c742214fbe405332480ecd6275", size = 35238554, upload-time = "2026-04-21T10:48:48.526Z" },
    { url = "https://files.pythonhosted.org/packages/a8/99/cce0f42a327bfef2c420fb6078a3eb834826e5d6697bf3009fe11d2ad051/pyarrow-24.0.0-cp313-cp313t-macosx_12_0_x86_64.whl", hash = "sha256:7986f1fa71cee060ad00758bcc79d3a93bab8559bf978fab9e53472a2e25a17b", size = 36782301, upload-time = "2026-04-21T10:48:55.181Z" },
    { url = "https://files.pythonhosted.org/packages/2a/66/8e560d5ff6793ca29aca213c53eec0dd482dd46cb93b2819e5aab52e4252/pyarrow-24.0.0-cp313-cp313t-manylinux_2_28_aarch64.whl", hash = "sha256:d3e0b61e8efb24ed38898e5cdc5fffa9124be480008d401a1f8071500494ae42", size = 45721929, upload-time = "2026-04-21T10:49:03.676Z" },
    { url = "https://files.pythonhosted.org/packages/27/0c/a26e25505d030716e078d9f16eb74973cbf0b33b672884e9f9da1c83b871/pyarrow-24.0.0-cp313-cp313t-manylinux_2_28_x86_64.whl", hash = "sha256:55a3bc1e3df3b5567b7d27ef551b2283f0c68a5e86f1cd56abc569da4f31335b", size = 48825365, upload-time = "2026-04-21T10:49:11.714Z" },
    { url = "https://files.pythonhosted.org/packages/5f/eb/771f9ecb0c65e73fe9dccdd1717901b9594f08c4515d000c7c62df573811/pyarrow-24.0.0-cp313-cp313t-musllinux_1_2_aarch64.whl", hash = "sha256:641f795b361874ac9da5294f8f443dfdbee355cf2bd9e3b8d97aaac2306b9b37", size = 49451819, upload-time = "2026-04-21T10:49:21.474Z" },
    { url = "https://files.pythonhosted.org/packages/48/da/61ae89a88732f5a785646f3ec6125dbb640fa98a540eb2b9889caa561403/pyarrow-24.0.0-cp313-cp313t-musllinux_1_2_x86_64.whl", hash = "sha256:8adc8e6ce5fccf5dc707046ae4914fd537def529709cc0d285d37a7f9cd442ca", size = 51909252, upload-time = "2026-04-21T10:49:31.164Z" },
    { url = "https://files.pythonhosted.org/packages/cb/1a/8dd5cafab7b66573fa91c03d06d213356ad4edd71813aa75e08ce2b3a844/pyarrow-24.0.0-cp313-cp313t-win_amd64.whl", hash = "sha256:9b18371ad2f44044b81a8d23bc2d8a9b6a6226dca775e8e16cfee640473d6c5d", size = 27388127, upload-time = "2026-04-21T10:49:37.334Z" },
    { url = "https://files.pythonhosted.org/packages/ad/80/d022a34ff05d2cbedd8ccf841fc1f532ecfa9eb5ed1711b56d0e0ea71fc9/pyarrow-24.0.0-cp314-cp314-macosx_12_0_arm64.whl", hash = "sha256:1cc9057f0319e26333b357e17f3c2c022f1a83739b48a88b25bfd5fa2dc18838", size = 35007997, upload-time = "2026-04-21T10:49:48.796Z" },
    { url = "https://files.pythonhosted.org/packages/1a/ff/f01485fda6f4e5d441afb8dd5e7681e4db18826c1e271852f5d3957d6a80/pyarrow-24.0.0-cp314-cp314-macosx_12_0_x86_64.whl", hash = "sha256:e6f1278ee4785b6db21229374a1c9e54ec7c549de5d1efc9630b6207de7e170b", size = 36678720, upload-time = "2026-04-21T10:49:55.858Z" },
    { url = "https://files.pythonhosted.org/packages/9e/c2/2d2d5fea814237923f71b36495211f20b43a1576f9a4d6da7e751a64ec6f/pyarrow-24.0.0-cp314-cp314-manylinux_2_28_aarch64.whl", hash = "sha256:adbbedc55506cbdabb830890444fb856bfb0060c46c6f8026c6c2f2cf86ae795", size = 45741852, upload-time = "2026-04-21T10:50:04.624Z" },
    { url = "https://files.pythonhosted.org/packages/8e/3a/28ba9c1c1ebdbb5f1b94dfebb46f207e52e6a554b7fe4132540fde29a3a0/pyarrow-24.0.0-cp314-cp314-manylinux_2_28_x86_64.whl", hash = "sha256:ae8a1145af31d903fa9bb166824d7abe9b4681a000b0159c9fb99c11bc11ad26", size = 48889852, upload-time = "2026-04-21T10:50:12.293Z" },
    { url = "https://files.pythonhosted.org/packages/df/51/4a389acfd31dca009f8fb82d7f510bb4130f2b3a8e18cf00194d0687d8ac/pyarrow-24.0.0-cp314-cp314-musllinux_1_2_aarch64.whl", hash = "sha256:d7027eba1df3b2069e2e8d80f644fa0918b68c46432af3d088ddd390d063ecde", size = 49445207, upload-time = "2026-04-21T10:50:20.677Z" },
    { url = "https://files.pythonhosted.org/packages/19/4b/0bab2b23d2ae901b1b9a03c0efd4b2d070256f8ce3fc43f6e58c167b2081/pyarrow-24.0.0-cp314-cp314-musllinux_1_2_x86_64.whl", hash = "sha256:e56a1ffe9bf7b727432b89104cc0849c21582949dd7bdcb34f17b2001a351a76", size = 51954117, upload-time = "2026-04-21T10:50:29.14Z" },
    { url = "https://files.pythonhosted.org/packages/29/88/f4e9145da0417b3d2c12035a8492b35ff4a3dbc653e614fcfb51d9dedb38/pyarrow-24.0.0-cp314-cp314-win_amd64.whl", hash = "sha256:38be1808cdd068605b787e6ca9119b27eb275a0234e50212c3492331680c3b1e", size = 28001155, upload-time = "2026-04-21T10:51:22.337Z" },
    { url = "https://files.pythonhosted.org/packages/79/4f/46a49a63f43526da895b1a45bbb51d5baf8e4d77159f8528fc3e5490007f/pyarrow-24.0.0-cp314-cp314t-macosx_12_0_arm64.whl", hash = "sha256:418e48ce50a45a6a6c73c454677203a9c75c966cb1e92ca3370959185f197a05", size = 35250387, upload-time = "2026-04-21T10:50:35.552Z" },
    { url = "https://files.pythonhosted.org/packages/a0/da/d5e0cd5ef00796922404806d5f00325cdadc3441ce2c13fe7115f2df9a64/pyarrow-24.0.0-cp314-cp314t-macosx_12_0_x86_64.whl", hash = "sha256:2f16197705a230a78270cdd4ea8a1d57e86b2fdcbc34a1f6aebc72e65c986f9a", size = 36797102, upload-time = "2026-04-21T10:50:42.417Z" },
    { url = "https://files.pythonhosted.org/packages/34/c7/5904145b0a593a05236c882933d439b5720f0a145381179063722fbfc123/pyarrow-24.0.0-cp314-cp314t-manylinux_2_28_aarch64.whl", hash = "sha256:fb24ac194bfc5e86839d7dcd52092ee31e5fe6733fe11f5e3b06ef0812b20072", size = 45745118, upload-time = "2026-04-21T10:50:49.324Z" },
    { url = "https://files.pythonhosted.org/packages/13/d3/cca42fe166d1c6e4d5b80e530b7949104d10e17508a90ae202dac205ce2a/pyarrow-24.0.0-cp314-cp314t-manylinux_2_28_x86_64.whl", hash = "sha256:9700ebd9a51f5895ce75ff4ac4b3c47a7d4b42bc618be8e713e5d56bacf5f931", size = 48844765, upload-time = "2026-04-21T10:50:55.579Z" },
    { url = "https://files.pythonhosted.org/packages/b0/49/942c3b79878ba928324d1e17c274ed84581db8c0a749b24bcf4cbdf15bd3/pyarrow-24.0.0-cp314-cp314t-musllinux_1_2_aarch64.whl", hash = "sha256:d8ddd2768da81d3ee08cfea9b597f4abb4e8e1dc8ae7e204b608d23a0d3ab699", size = 49471890, upload-time = "2026-04-21T10:51:02.439Z" },
    { url = "https://files.pythonhosted.org/packages/76/97/ff71431000a75d84135a1ace5ca4ba11726a231a8007bbb320a4c54075d5/pyarrow-24.0.0-cp314-cp314t-musllinux_1_2_x86_64.whl", hash = "sha256:61a3d7eaa97a14768b542f3d284dc6400dd2470d9f080708b13cd46b6ae18136", size = 51932250, upload-time = "2026-04-21T10:51:10.576Z" },
    { url = "https://files.pythonhosted.org/packages/51/be/6f79d55816d5c22557cf27533543d5d70dfe692adfbee4b99f2760674f38/pyarrow-24.0.0-cp314-cp314t-win_amd64.whl", hash = "sha256:c91d00057f23b8d353039520dc3a6c09d8608164c692e9f59a175a42b2ae0c19", size = 28131282, upload-time = "2026-04-21T10:51:16.815Z" },
]

[[package]]
name = "pygments"
version = "2.20.0"
source = { registry = "https://pypi.org/simple" }
sdist = { url = "https://files.pythonhosted.org/packages/c3/b2/bc9c9196916376152d655522fdcebac55e66de6603a76a02bca1b6414f6c/pygments-2.20.0.tar.gz", hash = "sha256:6757cd03768053ff99f3039c1a36d6c0aa0b263438fcab17520b30a303a82b5f", size = 4955991, upload-time = "2026-03-29T13:29:33.898Z" }
wheels = [
    { url = "https://files.pythonhosted.org/packages/f4/7e/a72dd26f3b0f4f2bf1dd8923c85f7ceb43172af56d63c7383eb62b332364/pygments-2.20.0-py3-none-any.whl", hash = "sha256:81a9e26dd42fd28a23a2d169d86d7ac03b46e2f8b59ed4698fb4785f946d0176", size = 1231151, upload-time = "2026-03-29T13:29:30.038Z" },
]

[[package]]
name = "pytest"
version = "9.0.3"
source = { registry = "https://pypi.org/simple" }
dependencies = [
    { name = "colorama", marker = "sys_platform == 'win32'" },
    { name = "iniconfig" },
    { name = "packaging" },
    { name = "pluggy" },
    { name = "pygments" },
]
sdist = { url = "https://files.pythonhosted.org/packages/7d/0d/549bd94f1a0a402dc8cf64563a117c0f3765662e2e668477624baeec44d5/pytest-9.0.3.tar.gz", hash = "sha256:b86ada508af81d19edeb213c681b1d48246c1a91d304c6c81a427674c17eb91c", size = 1572165, upload-time = "2026-04-07T17:16:18.027Z" }
wheels = [
    { url = "https://files.pythonhosted.org/packages/d4/24/a372aaf5c9b7208e7112038812994107bc65a84cd00e0354a88c2c77a617/pytest-9.0.3-py3-none-any.whl", hash = "sha256:2c5efc453d45394fdd706ade797c0a81091eccd1d6e4bccfcd476e2b8e0ab5d9", size = 375249, upload-time = "2026-04-07T17:16:16.13Z" },
]
